
Microsoft Visual Studio Solution File, Format Version 12.00
# Visual Studio 2013
VisualStudioVersion = 12.0.30723.0
MinimumVisualStudioVersion = 10.0.40219.1
Project("{FAE04EC0-301F-11D3-BF4B-00C04F79EFBC}") = "CSGO.WebUI", "CSGO\CSGO.WebUI.csproj", "{B074AA2D-A543-4C64-96FC-A7995B44C90D}"
EndProject
Project("{FAE04EC0-301F-11D3-BF4B-00C04F79EFBC}") = "CSGO.Domain", "CSGO.Domain\CSGO.Domain.csproj", "{13562EE9-0D3A-4110-8496-1495E2236BA4}"
EndProject
Global
	GlobalSection(SolutionConfigurationPlatforms) = preSolution
		Debug|Any CPU = Debug|Any CPU
		Release|Any CPU = Release|Any CPU
	EndGlobalSection
	GlobalSection(ProjectConfigurationPlatforms) = postSolution
		{B074AA2D-A543-4C64-96FC-A7995B44C90D}.Debug|Any CPU.ActiveCfg = Debug|Any CPU
		{B074AA2D-A543-4C64-96FC-A7995B44C90D}.Debug|Any CPU.Build.0 = Debug|Any CPU
		{B074AA2D-A543-4C64-96FC-A7995B44C90D}.Release|Any CPU.ActiveCfg = Release|Any CPU
		{B074AA2D-A543-4C64-96FC-A7995B44C90D}.Release|Any CPU.Build.0 = Release|Any CPU
		{13562EE9-0D3A-4110-8496-1495E2236BA4}.Debug|Any CPU.ActiveCfg = Debug|Any CPU
		{13562EE9-0D3A-4110-8496-1495E2236BA4}.Debug|Any CPU.Build.0 = Debug|Any CPU
		{13562EE9-0D3A-4110-8496-1495E2236BA4}.Release|Any CPU.ActiveCfg = Release|Any CPU
		{13562EE9-0D3A-4110-8496-1495E2236BA4}.Release|Any CPU.Build.0 = Release|Any CPU
	EndGlobalSection
	GlobalSection(SolutionProperties) = preSolution
		HideSolutionNode = FALSE
	EndGlobalSection
EndGlobal
